{
  "name": "test-vscode",
  "version": "1.0.0",
  "lockfileVersion": 3,
  "requires": true,
  "packages": {
    "": {
      "name": "test-vscode",
      "version": "1.0.0",
      "license": "ISC",
      "dependencies": {
        "code-oss-dev": "^0.0.1-security",
        "fixturify-project": "^6.0.0",
        "mjs-dirname": "^1.0.0",
        "node-fixturify-project": "^1.2.0",
        "playwright": "1.37.1",
        "tmp": "^0.0.33",
        "vscode-automation": "file:../../microsoft/vscode/test/automation/"
      },
      "devDependencies": {
        "@playwright/test": "1.37.1"
      }
    },
    "node_modules/@playwright/test": {
      "version": "1.37.1",
      "resolved": "https://registry.npmjs.org/@playwright/test/-/test-1.37.1.tgz",
      "integrity": "sha512-bq9zTli3vWJo8S3LwB91U0qDNQDpEXnw7knhxLM0nwDvexQAwx9tO8iKDZSqqneVq+URd/WIoz+BALMqUTgdSg==",
      "dev": true,
      "dependencies": {
        "@types/node": "*",
        "playwright-core": "1.37.1"
      },
      "bin": {
        "playwright": "cli.js"
      },
      "engines": {
        "node": ">=16"
      },
      "optionalDependencies": {
        "fsevents": "2.3.2"
      }
    },
    "node_modules/@types/fs-extra": {
      "version": "9.0.13",
      "resolved": "https://registry.npmjs.org/@types/fs-extra/-/fs-extra-9.0.13.tgz",
      "integrity": "sha512-nEnwB++1u5lVDM2UI4c1+5R+FYaKfaAzS4OococimjVm3nQw3TuzH5UNsocrcTBbhnerblyHj4A49qXbIiZdpA==",
      "dependencies": {
        "@types/node": "*"
      }
    },
    "node_modules/@types/glob": {
      "version": "8.1.0",
      "resolved": "https://registry.npmjs.org/@types/glob/-/glob-8.1.0.tgz",
      "integrity": "sha512-IO+MJPVhoqz+28h1qLAcBEH2+xHMK6MTyHJc7MTnnYb6wsoLR29POVGJ7LycmVXIqyy/4/2ShP5sUwTXuOwb/w==",
      "dependencies": {
        "@types/minimatch": "^5.1.2",
        "@types/node": "*"
      }
    },
    "node_modules/@types/glob/node_modules/@types/minimatch": {
      "version": "5.1.2",
      "resolved": "https://registry.npmjs.org/@types/minimatch/-/minimatch-5.1.2.tgz",
      "integrity": "sha512-K0VQKziLUWkVKiRVrx4a40iPaxTUefQmjtkQofBkYRcoaaL/8rhwDWww9qWbrgicNOgnpIsMxyNIUM4+n6dUIA=="
    },
    "node_modules/@types/minimatch": {
      "version": "3.0.5",
      "resolved": "https://registry.npmjs.org/@types/minimatch/-/minimatch-3.0.5.tgz",
      "integrity": "sha512-Klz949h02Gz2uZCMGwDUSDS1YBlTdDDgbWHi+81l29tQALUtvz4rAYi5uoVhE5Lagoq6DeqAUlbrHvW/mXDgdQ=="
    },
    "node_modules/@types/node": {
      "version": "20.6.0",
      "resolved": "https://registry.npmjs.org/@types/node/-/node-20.6.0.tgz",
      "integrity": "sha512-najjVq5KN2vsH2U/xyh2opaSEz6cZMR2SetLIlxlj08nOcmPOemJmUK2o4kUzfLqfrWE0PIrNeE16XhYDd3nqg=="
    },
    "node_modules/@types/rimraf": {
      "version": "3.0.2",
      "resolved": "https://registry.npmjs.org/@types/rimraf/-/rimraf-3.0.2.tgz",
      "integrity": "sha512-F3OznnSLAUxFrCEu/L5PY8+ny8DtcFRjx7fZZ9bycvXRi3KPTRS9HOitGZwvPg0juRhXFWIeKX58cnX5YqLohQ==",
      "dependencies": {
        "@types/glob": "*",
        "@types/node": "*"
      }
    },
    "node_modules/balanced-match": {
      "version": "1.0.2",
      "resolved": "https://registry.npmjs.org/balanced-match/-/balanced-match-1.0.2.tgz",
      "integrity": "sha512-3oSeUO0TMV67hN1AmbXsK4yaqU7tjiHlbxRDZOpH0KW9+CeX4bRAaX0Anxt0tx2MrpRpWwQaPwIlISEJhYU5Pw=="
    },
    "node_modules/bin-links": {
      "version": "3.0.3",
      "resolved": "https://registry.npmjs.org/bin-links/-/bin-links-3.0.3.tgz",
      "integrity": "sha512-zKdnMPWEdh4F5INR07/eBrodC7QrF5JKvqskjz/ZZRXg5YSAZIbn8zGhbhUrElzHBZ2fvEQdOU59RHcTG3GiwA==",
      "dependencies": {
        "cmd-shim": "^5.0.0",
        "mkdirp-infer-owner": "^2.0.0",
        "npm-normalize-package-bin": "^2.0.0",
        "read-cmd-shim": "^3.0.0",
        "rimraf": "^3.0.0",
        "write-file-atomic": "^4.0.0"
      },
      "engines": {
        "node": "^12.13.0 || ^14.15.0 || >=16.0.0"
      }
    },
    "node_modules/brace-expansion": {
      "version": "1.1.11",
      "resolved": "https://registry.npmjs.org/brace-expansion/-/brace-expansion-1.1.11.tgz",
      "integrity": "sha512-iCuPHDFgrHX7H2vEI/5xpz07zSHB00TpugqhmYtVmMO6518mCuRMoOYFldEBl0g187ufozdaHgWKcYFb61qGiA==",
      "dependencies": {
        "balanced-match": "^1.0.0",
        "concat-map": "0.0.1"
      }
    },
    "node_modules/chownr": {
      "version": "2.0.0",
      "resolved": "https://registry.npmjs.org/chownr/-/chownr-2.0.0.tgz",
      "integrity": "sha512-bIomtDF5KGpdogkLd9VspvFzk9KfpyyGlS8YFVZl7TGPBHL5snIOnxeshwVgPteQ9b4Eydl+pVbIyE1DcvCWgQ==",
      "engines": {
        "node": ">=10"
      }
    },
    "node_modules/cmd-shim": {
      "version": "5.0.0",
      "resolved": "https://registry.npmjs.org/cmd-shim/-/cmd-shim-5.0.0.tgz",
      "integrity": "sha512-qkCtZ59BidfEwHltnJwkyVZn+XQojdAySM1D1gSeh11Z4pW1Kpolkyo53L5noc0nrxmIvyFwTmJRo4xs7FFLPw==",
      "dependencies": {
        "mkdirp-infer-owner": "^2.0.0"
      },
      "engines": {
        "node": "^12.13.0 || ^14.15.0 || >=16.0.0"
      }
    },
    "node_modules/code-oss-dev": {
      "version": "0.0.1-security",
      "resolved": "https://registry.npmjs.org/code-oss-dev/-/code-oss-dev-0.0.1-security.tgz",
      "integrity": "sha512-so3LuDJWJ0B3TqbK1W3LYPZ5MBE9iYDs6zMyq/vv/8xR5Ck73n5y617XWFbQ/4BXyEvt4JlxgDteKVDeGcuhRQ=="
    },
    "node_modules/concat-map": {
      "version": "0.0.1",
      "resolved": "https://registry.npmjs.org/concat-map/-/concat-map-0.0.1.tgz",
      "integrity": "sha512-/Srv4dswyQNBfohGpz9o6Yb3Gz3SrUDqBH5rTuhGR7ahtlbYKnVxw2bCFMRljaA7EXHaXZ8wsHdodFvbkhKmqg=="
    },
    "node_modules/deepmerge": {
      "version": "4.3.1",
      "resolved": "https://registry.npmjs.org/deepmerge/-/deepmerge-4.3.1.tgz",
      "integrity": "sha512-3sUqbMEc77XqpdNO7FRyRog+eW3ph+GYCbj+rK+uYyRMuwsVy0rMiVtPn+QJlKFvWP/1PYpapqYn0Me2knFn+A==",
      "engines": {
        "node": ">=0.10.0"
      }
    },
    "node_modules/ensure-posix-path": {
      "version": "1.1.1",
      "resolved": "https://registry.npmjs.org/ensure-posix-path/-/ensure-posix-path-1.1.1.tgz",
      "integrity": "sha512-VWU0/zXzVbeJNXvME/5EmLuEj2TauvoaTz6aFYK1Z92JCBlDlZ3Gu0tuGR42kpW1754ywTs+QB0g5TP0oj9Zaw=="
    },
    "node_modules/fixturify": {
      "version": "0.3.4",
      "resolved": "https://registry.npmjs.org/fixturify/-/fixturify-0.3.4.tgz",
      "integrity": "sha512-Gx+KSB25b6gMc4bf7UFRTA85uE0iZR+RYur0JHh6dg4AGBh0EksOv4FCHyM7XpGmiJO7Bc7oV7vxENQBT+2WEQ==",
      "dependencies": {
        "fs-extra": "^0.30.0",
        "matcher-collection": "^1.0.4"
      }
    },
    "node_modules/fixturify-project": {
      "version": "6.0.0",
      "resolved": "https://registry.npmjs.org/fixturify-project/-/fixturify-project-6.0.0.tgz",
      "integrity": "sha512-cT+rudgGhYKJ4h5DIrDj4T2HfZMzF17c+PtQ3gYGXr67hsPkptjAvm6HhmHa7TuzJ2/yHYTGBlVXh5HB3LhVhQ==",
      "dependencies": {
        "bin-links": "^3.0.0",
        "deepmerge": "^4.2.2",
        "fixturify": "^3.0.0",
        "resolve-package-path": "^4.0.3",
        "tmp": "^0.0.33",
        "type-fest": "^4.1.0",
        "walk-sync": "^3.0.0"
      },
      "engines": {
        "node": ">= 14.*"
      }
    },
    "node_modules/fixturify-project/node_modules/fixturify": {
      "version": "3.0.0",
      "resolved": "https://registry.npmjs.org/fixturify/-/fixturify-3.0.0.tgz",
      "integrity": "sha512-PFOf/DT9/t2NCiVyiQ5cBMJtGZfWh3aeOV8XVqQQOPBlTv8r6l0k75/hm36JOaiJlrWFk/8aYFyOKAvOkrkjrw==",
      "dependencies": {
        "@types/fs-extra": "^9.0.13",
        "@types/minimatch": "^3.0.3",
        "@types/rimraf": "^3.0.2",
        "fs-extra": "^10.1.0",
        "matcher-collection": "^2.0.1",
        "walk-sync": "^3.0.0"
      },
      "engines": {
        "node": "14.* || >= 16.*"
      }
    },
    "node_modules/fixturify-project/node_modules/fs-extra": {
      "version": "10.1.0",
      "resolved": "https://registry.npmjs.org/fs-extra/-/fs-extra-10.1.0.tgz",
      "integrity": "sha512-oRXApq54ETRj4eMiFzGnHWGy+zo5raudjuxN0b8H7s/RU2oW0Wvsx9O0ACRN/kRq9E8Vu/ReskGB5o3ji+FzHQ==",
      "dependencies": {
        "graceful-fs": "^4.2.0",
        "jsonfile": "^6.0.1",
        "universalify": "^2.0.0"
      },
      "engines": {
        "node": ">=12"
      }
    },
    "node_modules/fixturify-project/node_modules/jsonfile": {
      "version": "6.1.0",
      "resolved": "https://registry.npmjs.org/jsonfile/-/jsonfile-6.1.0.tgz",
      "integrity": "sha512-5dgndWOriYSm5cnYaJNhalLNDKOqFwyDB/rr1E9ZsGciGvKPs8R2xYGCacuf3z6K1YKDz182fd+fY3cn3pMqXQ==",
      "dependencies": {
        "universalify": "^2.0.0"
      },
      "optionalDependencies": {
        "graceful-fs": "^4.1.6"
      }
    },
    "node_modules/fixturify-project/node_modules/matcher-collection": {
      "version": "2.0.1",
      "resolved": "https://registry.npmjs.org/matcher-collection/-/matcher-collection-2.0.1.tgz",
      "integrity": "sha512-daE62nS2ZQsDg9raM0IlZzLmI2u+7ZapXBwdoeBUKAYERPDDIc0qNqA8E0Rp2D+gspKR7BgIFP52GeujaGXWeQ==",
      "dependencies": {
        "@types/minimatch": "^3.0.3",
        "minimatch": "^3.0.2"
      },
      "engines": {
        "node": "6.* || 8.* || >= 10.*"
      }
    },
    "node_modules/fs-extra": {
      "version": "0.30.0",
      "resolved": "https://registry.npmjs.org/fs-extra/-/fs-extra-0.30.0.tgz",
      "integrity": "sha512-UvSPKyhMn6LEd/WpUaV9C9t3zATuqoqfWc3QdPhPLb58prN9tqYPlPWi8Krxi44loBoUzlobqZ3+8tGpxxSzwA==",
      "dependencies": {
        "graceful-fs": "^4.1.2",
        "jsonfile": "^2.1.0",
        "klaw": "^1.0.0",
        "path-is-absolute": "^1.0.0",
        "rimraf": "^2.2.8"
      }
    },
    "node_modules/fs-extra/node_modules/rimraf": {
      "version": "2.7.1",
      "resolved": "https://registry.npmjs.org/rimraf/-/rimraf-2.7.1.tgz",
      "integrity": "sha512-uWjbaKIK3T1OSVptzX7Nl6PvQ3qAGtKEtVRjRuazjfL3Bx5eI409VZSqgND+4UNnmzLVdPj9FqFJNPqBZFve4w==",
      "dependencies": {
        "glob": "^7.1.3"
      },
      "bin": {
        "rimraf": "bin.js"
      }
    },
    "node_modules/fs.realpath": {
      "version": "1.0.0",
      "resolved": "https://registry.npmjs.org/fs.realpath/-/fs.realpath-1.0.0.tgz",
      "integrity": "sha512-OO0pH2lK6a0hZnAdau5ItzHPI6pUlvI7jMVnxUQRtw4owF2wk8lOSabtGDCTP4Ggrg2MbGnWO9X8K1t4+fGMDw=="
    },
    "node_modules/fsevents": {
      "version": "2.3.2",
      "resolved": "https://registry.npmjs.org/fsevents/-/fsevents-2.3.2.tgz",
      "integrity": "sha512-xiqMQR4xAeHTuB9uWm+fFRcIOgKBMiOBP+eXiyT7jsgVCq1bkVygt00oASowB7EdtpOHaaPgKt812P9ab+DDKA==",
      "dev": true,
      "hasInstallScript": true,
      "optional": true,
      "os": [
        "darwin"
      ],
      "engines": {
        "node": "^8.16.0 || ^10.6.0 || >=11.0.0"
      }
    },
    "node_modules/glob": {
      "version": "7.2.3",
      "resolved": "https://registry.npmjs.org/glob/-/glob-7.2.3.tgz",
      "integrity": "sha512-nFR0zLpU2YCaRxwoCJvL6UvCH2JFyFVIvwTLsIf21AuHlMskA1hhTdk+LlYJtOlYt9v6dvszD2BGRqBL+iQK9Q==",
      "dependencies": {
        "fs.realpath": "^1.0.0",
        "inflight": "^1.0.4",
        "inherits": "2",
        "minimatch": "^3.1.1",
        "once": "^1.3.0",
        "path-is-absolute": "^1.0.0"
      },
      "engines": {
        "node": "*"
      },
      "funding": {
        "url": "https://github.com/sponsors/isaacs"
      }
    },
    "node_modules/graceful-fs": {
      "version": "4.2.11",
      "resolved": "https://registry.npmjs.org/graceful-fs/-/graceful-fs-4.2.11.tgz",
      "integrity": "sha512-RbJ5/jmFcNNCcDV5o9eTnBLJ/HszWV0P73bc+Ff4nS/rJj+YaS6IGyiOL0VoBYX+l1Wrl3k63h/KrH+nhJ0XvQ=="
    },
    "node_modules/imurmurhash": {
      "version": "0.1.4",
      "resolved": "https://registry.npmjs.org/imurmurhash/-/imurmurhash-0.1.4.tgz",
      "integrity": "sha512-JmXMZ6wuvDmLiHEml9ykzqO6lwFbof0GG4IkcGaENdCRDDmMVnny7s5HsIgHCbaq0w2MyPhDqkhTUgS2LU2PHA==",
      "engines": {
        "node": ">=0.8.19"
      }
    },
    "node_modules/infer-owner": {
      "version": "1.0.4",
      "resolved": "https://registry.npmjs.org/infer-owner/-/infer-owner-1.0.4.tgz",
      "integrity": "sha512-IClj+Xz94+d7irH5qRyfJonOdfTzuDaifE6ZPWfx0N0+/ATZCbuTPq2prFl526urkQd90WyUKIh1DfBQ2hMz9A=="
    },
    "node_modules/inflight": {
      "version": "1.0.6",
      "resolved": "https://registry.npmjs.org/inflight/-/inflight-1.0.6.tgz",
      "integrity": "sha512-k92I/b08q4wvFscXCLvqfsHCrjrF7yiXsQuIVvVE7N82W3+aqpzuUdBbfhWcy/FZR3/4IgflMgKLOsvPDrGCJA==",
      "dependencies": {
        "once": "^1.3.0",
        "wrappy": "1"
      }
    },
    "node_modules/inherits": {
      "version": "2.0.4",
      "resolved": "https://registry.npmjs.org/inherits/-/inherits-2.0.4.tgz",
      "integrity": "sha512-k/vGaX4/Yla3WzyMCvTQOXYeIHvqOKtnqBduzTHpzpQZzAskKMhZ2K+EnBiSM9zGSoIFeMpXKxa4dYeZIQqewQ=="
    },
    "node_modules/jsonfile": {
      "version": "2.4.0",
      "resolved": "https://registry.npmjs.org/jsonfile/-/jsonfile-2.4.0.tgz",
      "integrity": "sha512-PKllAqbgLgxHaj8TElYymKCAgrASebJrWpTnEkOaTowt23VKXXN0sUeriJ+eh7y6ufb/CC5ap11pz71/cM0hUw==",
      "optionalDependencies": {
        "graceful-fs": "^4.1.6"
      }
    },
    "node_modules/klaw": {
      "version": "1.3.1",
      "resolved": "https://registry.npmjs.org/klaw/-/klaw-1.3.1.tgz",
      "integrity": "sha512-TED5xi9gGQjGpNnvRWknrwAB1eL5GciPfVFOt3Vk1OJCVDQbzuSfrF3hkUQKlsgKrG1F+0t5W0m+Fje1jIt8rw==",
      "optionalDependencies": {
        "graceful-fs": "^4.1.9"
      }
    },
    "node_modules/matcher-collection": {
      "version": "1.1.2",
      "resolved": "https://registry.npmjs.org/matcher-collection/-/matcher-collection-1.1.2.tgz",
      "integrity": "sha512-YQ/teqaOIIfUHedRam08PB3NK7Mjct6BvzRnJmpGDm8uFXpNr1sbY4yuflI5JcEs6COpYA0FpRQhSDBf1tT95g==",
      "dependencies": {
        "minimatch": "^3.0.2"
      }
    },
    "node_modules/minimatch": {
      "version": "3.1.2",
      "resolved": "https://registry.npmjs.org/minimatch/-/minimatch-3.1.2.tgz",
      "integrity": "sha512-J7p63hRiAjw1NDEww1W7i37+ByIrOWO5XQQAzZ3VOcL0PNybwpfmV/N05zFAzwQ9USyEcX6t3UO+K5aqBQOIHw==",
      "dependencies": {
        "brace-expansion": "^1.1.7"
      },
      "engines": {
        "node": "*"
      }
    },
    "node_modules/mjs-dirname": {
      "version": "1.0.0",
      "resolved": "https://registry.npmjs.org/mjs-dirname/-/mjs-dirname-1.0.0.tgz",
      "integrity": "sha512-EbQVpGy8tmWIKp6ujBhH+dD+bivjRTwiEgkk6nB01lLSEMUxgx9oBJ+8lLfGVGU2WWBv4m1HuvhQU+8fP40OCQ=="
    },
    "node_modules/mkdirp": {
      "version": "1.0.4",
      "resolved": "https://registry.npmjs.org/mkdirp/-/mkdirp-1.0.4.tgz",
      "integrity": "sha512-vVqVZQyf3WLx2Shd0qJ9xuvqgAyKPLAiqITEtqW0oIUjzo3PePDd6fW9iFz30ef7Ysp/oiWqbhszeGWW2T6Gzw==",
      "bin": {
        "mkdirp": "bin/cmd.js"
      },
      "engines": {
        "node": ">=10"
      }
    },
    "node_modules/mkdirp-infer-owner": {
      "version": "2.0.0",
      "resolved": "https://registry.npmjs.org/mkdirp-infer-owner/-/mkdirp-infer-owner-2.0.0.tgz",
      "integrity": "sha512-sdqtiFt3lkOaYvTXSRIUjkIdPTcxgv5+fgqYE/5qgwdw12cOrAuzzgzvVExIkH/ul1oeHN3bCLOWSG3XOqbKKw==",
      "dependencies": {
        "chownr": "^2.0.0",
        "infer-owner": "^1.0.4",
        "mkdirp": "^1.0.3"
      },
      "engines": {
        "node": ">=10"
      }
    },
    "node_modules/ncp": {
      "version": "2.0.0",
      "resolved": "https://registry.npmjs.org/ncp/-/ncp-2.0.0.tgz",
      "integrity": "sha512-zIdGUrPRFTUELUvr3Gmc7KZ2Sw/h1PiVM0Af/oHB6zgnV1ikqSfRk+TOufi79aHYCW3NiOXmr1BP5nWbzojLaA==",
      "bin": {
        "ncp": "bin/ncp"
      }
    },
    "node_modules/node-fixturify-project": {
      "version": "1.2.0",
      "resolved": "https://registry.npmjs.org/node-fixturify-project/-/node-fixturify-project-1.2.0.tgz",
      "integrity": "sha512-QByOEnUzl5qz1hQLfPDobauBoXBwlon4vkxcVQgTx5dx9xmCa9n4tys1fND3Ey5wlbl4GMMwFmRJqo47f9QGQA==",
      "deprecated": "renamed project to fixturify-project",
      "dependencies": {
        "fixturify": "^0.3.4"
      }
    },
    "node_modules/npm-normalize-package-bin": {
      "version": "2.0.0",
      "resolved": "https://registry.npmjs.org/npm-normalize-package-bin/-/npm-normalize-package-bin-2.0.0.tgz",
      "integrity": "sha512-awzfKUO7v0FscrSpRoogyNm0sajikhBWpU0QMrW09AMi9n1PoKU6WaIqUzuJSQnpciZZmJ/jMZ2Egfmb/9LiWQ==",
      "engines": {
        "node": "^12.13.0 || ^14.15.0 || >=16.0.0"
      }
    },
    "node_modules/once": {
      "version": "1.4.0",
      "resolved": "https://registry.npmjs.org/once/-/once-1.4.0.tgz",
      "integrity": "sha512-lNaJgI+2Q5URQBkccEKHTQOPaXdUxnZZElQTZY0MFUAuaEqe1E+Nyvgdz/aIyNi6Z9MzO5dv1H8n58/GELp3+w==",
      "dependencies": {
        "wrappy": "1"
      }
    },
    "node_modules/os-tmpdir": {
      "version": "1.0.2",
      "resolved": "https://registry.npmjs.org/os-tmpdir/-/os-tmpdir-1.0.2.tgz",
      "integrity": "sha512-D2FR03Vir7FIu45XBY20mTb+/ZSWB00sjU9jdQXt83gDrI4Ztz5Fs7/yy74g2N5SVQY4xY1qDr4rNddwYRVX0g==",
      "engines": {
        "node": ">=0.10.0"
      }
    },
    "node_modules/path-is-absolute": {
      "version": "1.0.1",
      "resolved": "https://registry.npmjs.org/path-is-absolute/-/path-is-absolute-1.0.1.tgz",
      "integrity": "sha512-AVbw3UJ2e9bq64vSaS9Am0fje1Pa8pbGqTTsmXfaIiMpnr5DlDhfJOuLj9Sf95ZPVDAUerDfEk88MPmPe7UCQg==",
      "engines": {
        "node": ">=0.10.0"
      }
    },
    "node_modules/path-root": {
      "version": "0.1.1",
      "resolved": "https://registry.npmjs.org/path-root/-/path-root-0.1.1.tgz",
      "integrity": "sha512-QLcPegTHF11axjfojBIoDygmS2E3Lf+8+jI6wOVmNVenrKSo3mFdSGiIgdSHenczw3wPtlVMQaFVwGmM7BJdtg==",
      "dependencies": {
        "path-root-regex": "^0.1.0"
      },
      "engines": {
        "node": ">=0.10.0"
      }
    },
    "node_modules/path-root-regex": {
      "version": "0.1.2",
      "resolved": "https://registry.npmjs.org/path-root-regex/-/path-root-regex-0.1.2.tgz",
      "integrity": "sha512-4GlJ6rZDhQZFE0DPVKh0e9jmZ5egZfxTkp7bcRDuPlJXbAwhxcl2dINPUAsjLdejqaLsCeg8axcLjIbvBjN4pQ==",
      "engines": {
        "node": ">=0.10.0"
      }
    },
    "node_modules/playwright": {
      "version": "1.37.1",
      "resolved": "https://registry.npmjs.org/playwright/-/playwright-1.37.1.tgz",
      "integrity": "sha512-bgUXRrQKhT48zHdxDYQTpf//0xDfDd5hLeEhjuSw8rXEGoT9YeElpfvs/izonTNY21IQZ7d3s22jLxYaAnubbQ==",
      "hasInstallScript": true,
      "dependencies": {
        "playwright-core": "1.37.1"
      },
      "bin": {
        "playwright": "cli.js"
      },
      "engines": {
        "node": ">=16"
      }
    },
    "node_modules/playwright-core": {
      "version": "1.37.1",
      "resolved": "https://registry.npmjs.org/playwright-core/-/playwright-core-1.37.1.tgz",
      "integrity": "sha512-17EuQxlSIYCmEMwzMqusJ2ztDgJePjrbttaefgdsiqeLWidjYz9BxXaTaZWxH1J95SHGk6tjE+dwgWILJoUZfA==",
      "bin": {
        "playwright-core": "cli.js"
      },
      "engines": {
        "node": ">=16"
      }
    },
    "node_modules/read-cmd-shim": {
      "version": "3.0.1",
      "resolved": "https://registry.npmjs.org/read-cmd-shim/-/read-cmd-shim-3.0.1.tgz",
      "integrity": "sha512-kEmDUoYf/CDy8yZbLTmhB1X9kkjf9Q80PCNsDMb7ufrGd6zZSQA1+UyjrO+pZm5K/S4OXCWJeiIt1JA8kAsa6g==",
      "engines": {
        "node": "^12.13.0 || ^14.15.0 || >=16.0.0"
      }
    },
    "node_modules/resolve-package-path": {
      "version": "4.0.3",
      "resolved": "https://registry.npmjs.org/resolve-package-path/-/resolve-package-path-4.0.3.tgz",
      "integrity": "sha512-SRpNAPW4kewOaNUt8VPqhJ0UMxawMwzJD8V7m1cJfdSTK9ieZwS6K7Dabsm4bmLFM96Z5Y/UznrpG5kt1im8yA==",
      "dependencies": {
        "path-root": "^0.1.1"
      },
      "engines": {
        "node": ">= 12"
      }
    },
    "node_modules/rimraf": {
      "version": "3.0.2",
      "resolved": "https://registry.npmjs.org/rimraf/-/rimraf-3.0.2.tgz",
      "integrity": "sha512-JZkJMZkAGFFPP2YqXZXPbMlMBgsxzE8ILs4lMIX/2o0L9UBw9O/Y3o6wFw/i9YLapcUJWwqbi3kdxIPdC62TIA==",
      "dependencies": {
        "glob": "^7.1.3"
      },
      "bin": {
        "rimraf": "bin.js"
      },
      "funding": {
        "url": "https://github.com/sponsors/isaacs"
      }
    },
    "node_modules/signal-exit": {
      "version": "3.0.7",
      "resolved": "https://registry.npmjs.org/signal-exit/-/signal-exit-3.0.7.tgz",
      "integrity": "sha512-wnD2ZE+l+SPC/uoS0vXeE9L1+0wuaMqKlfz9AMUo38JsyLSBWSFcHR1Rri62LZc12vLr1gb3jl7iwQhgwpAbGQ=="
    },
    "node_modules/tmp": {
      "version": "0.0.33",
      "resolved": "https://registry.npmjs.org/tmp/-/tmp-0.0.33.tgz",
      "integrity": "sha512-jRCJlojKnZ3addtTOjdIqoRuPEKBvNXcGYqzO6zWZX8KfKEpnGY5jfggJQ3EjKuu8D4bJRr0y+cYJFmYbImXGw==",
      "dependencies": {
        "os-tmpdir": "~1.0.2"
      },
      "engines": {
        "node": ">=0.6.0"
      }
    },
    "node_modules/tree-kill": {
      "version": "1.2.2",
      "resolved": "https://registry.npmjs.org/tree-kill/-/tree-kill-1.2.2.tgz",
      "integrity": "sha512-L0Orpi8qGpRG//Nd+H90vFB+3iHnue1zSSGmNOOCh1GLJ7rUKVwV2HvijphGQS2UmhUZewS9VgvxYIdgr+fG1A==",
      "bin": {
        "tree-kill": "cli.js"
      }
    },
    "node_modules/type-fest": {
      "version": "4.3.1",
      "resolved": "https://registry.npmjs.org/type-fest/-/type-fest-4.3.1.tgz",
      "integrity": "sha512-pphNW/msgOUSkJbH58x8sqpq8uQj6b0ZKGxEsLKMUnGorRcDjrUaLS+39+/ub41JNTwrrMyJcUB8+YZs3mbwqw==",
      "engines": {
        "node": ">=16"
      },
      "funding": {
        "url": "https://github.com/sponsors/sindresorhus"
      }
    },
    "node_modules/universalify": {
      "version": "2.0.0",
      "resolved": "https://registry.npmjs.org/universalify/-/universalify-2.0.0.tgz",
      "integrity": "sha512-hAZsKq7Yy11Zu1DE0OzWjw7nnLZmJZYTDZZyEFHZdUhV8FkH5MCfoU1XMaxXovpyW5nq5scPqq0ZDP9Zyl04oQ==",
      "engines": {
        "node": ">= 10.0.0"
      }
    },
    "node_modules/vscode-automation": {
      "version": "1.71.0",
      "resolved": "file:../../microsoft/vscode/test/automation",
      "license": "MIT",
      "dependencies": {
        "mkdirp": "^1.0.4",
        "ncp": "^2.0.0",
        "tmp": "0.2.1",
        "tree-kill": "1.2.2",
        "vscode-uri": "3.0.2"
      }
    },
    "node_modules/vscode-automation/node_modules/tmp": {
      "version": "0.2.1",
      "resolved": "https://registry.npmjs.org/tmp/-/tmp-0.2.1.tgz",
      "integrity": "sha512-76SUhtfqR2Ijn+xllcI5P1oyannHNHByD80W1q447gU3mp9G9PSpGdWmjUOHRDPiHYacIk66W7ubDTuPF3BEtQ==",
      "dependencies": {
        "rimraf": "^3.0.0"
      },
      "engines": {
        "node": ">=8.17.0"
      }
    },
    "node_modules/vscode-uri": {
      "version": "3.0.2",
      "resolved": "https://registry.npmjs.org/vscode-uri/-/vscode-uri-3.0.2.tgz",
      "integrity": "sha512-jkjy6pjU1fxUvI51P+gCsxg1u2n8LSt0W6KrCNQceaziKzff74GoWmjVG46KieVzybO1sttPQmYfrwSHey7GUA=="
    },
    "node_modules/walk-sync": {
      "version": "3.0.0",
      "resolved": "https://registry.npmjs.org/walk-sync/-/walk-sync-3.0.0.tgz",
      "integrity": "sha512-41TvKmDGVpm2iuH7o+DAOt06yyu/cSHpX3uzAwetzASvlNtVddgIjXIb2DfB/Wa20B1Jo86+1Dv1CraSU7hWdw==",
      "dependencies": {
        "@types/minimatch": "^3.0.4",
        "ensure-posix-path": "^1.1.0",
        "matcher-collection": "^2.0.1",
        "minimatch": "^3.0.4"
      },
      "engines": {
        "node": "10.* || >= 12.*"
      }
    },
    "node_modules/walk-sync/node_modules/matcher-collection": {
      "version": "2.0.1",
      "resolved": "https://registry.npmjs.org/matcher-collection/-/matcher-collection-2.0.1.tgz",
      "integrity": "sha512-daE62nS2ZQsDg9raM0IlZzLmI2u+7ZapXBwdoeBUKAYERPDDIc0qNqA8E0Rp2D+gspKR7BgIFP52GeujaGXWeQ==",
      "dependencies": {
        "@types/minimatch": "^3.0.3",
        "minimatch": "^3.0.2"
      },
      "engines": {
        "node": "6.* || 8.* || >= 10.*"
      }
    },
    "node_modules/wrappy": {
      "version": "1.0.2",
      "resolved": "https://registry.npmjs.org/wrappy/-/wrappy-1.0.2.tgz",
      "integrity": "sha512-l4Sp/DRseor9wL6EvV2+TuQn63dMkPjZ/sp9XkghTEbV9KlPS1xUsZ3u7/IQO4wxtcFB4bgpQPRcR3QCvezPcQ=="
    },
    "node_modules/write-file-atomic": {
      "version": "4.0.2",
      "resolved": "https://registry.npmjs.org/write-file-atomic/-/write-file-atomic-4.0.2.tgz",
      "integrity": "sha512-7KxauUdBmSdWnmpaGFg+ppNjKF8uNLry8LyzjauQDOVONfFLNKrKvQOxZ/VuTIcS/gge/YNahf5RIIQWTSarlg==",
      "dependencies": {
        "imurmurhash": "^0.1.4",
        "signal-exit": "^3.0.7"
      },
      "engines": {
        "node": "^12.13.0 || ^14.15.0 || >=16.0.0"
      }
    }
  }
}
